github.com/bradfitz/gomemcache v0.0.0-20180710155616-bc664df96737/go.mod h1:PmM6Mmwb0LSuEubjR8N7PtNe1KxZLtOUHtbeikc5h60=
github.com/dimfeld/httptreemux v5.0.1+incompatible h1:Qj3gVcDNoOthBAqftuD596rm4wg/adLLz5xh5CmpiCA=
github.com/dimfeld/httptreemux v5.0.1+incompatible/go.mod h1:rbUlSV+CCpv/SuqUTP/8Bk2O3LyUV436/yaRGkhP6Z0=
github.com/fsnotify/fsnotify v1.4.7 h1:IXs+QLmnXW2CcXuY+8Mzv/fWEsPGWxqefPtCP5CnV9I=
github.com/fsnotify/fsnotify v1.4.7/go.mod h1:jwhsz4b93w/PPRr/qN1Yymfu8t87LnFCMoQvtojpjFo=
github.com/golang/sys v0.0.0-20180905080454-ebe1bf3edb33 h1:GJexUf2QgFNvMR9sjJ1iqs+2TxZqJko+Muhnu04tPuU=
github.com/golang/sys v0.0.0-20180905080454-ebe1bf3edb33/go.mod h1:5JyrLPvD/ZdaYkT7IqKhsP5xt7aLjA99KXRtk4EIYDk=
github.com/golang/text v0.3.0 h1:uI5zIUA9cg047ctlTptnVc0Ghjfurf2eZMFrod8R7v8=
github.com/golang/text v0.3.0/go.mod h1:GUiq9pdJKRKKAZXiVgWFEvocYuREvC14NhI4OPgEjeE=
github.com/issue9/assert v1.0.0 h1:NkLKrreEZgOdyl0aHlF8Yq2+Id7GsfEtU0rTK8nsN4E=
github.com/issue9/assert v1.0.0/go.mod h1:KLwR3U/5rbCxqwAnV3aCr+dz07aoIyIfk2lefIVr2BA=
github.com/issue9/conv v1.0.0 h1:0tXJwAj4ujf4DaZwR45EtZya2Ib5cXbILRNc2OwnCUs=
github.com/issue9/conv v1.0.0/go.mod h1:ccnp6/pQxHruWOvZiJeNV06Md2pS4bdbm3TBH6roMqY=
github.com/issue9/is v1.0.0 h1:n8casRcc3UfDk0BavEKoZqOkDzyllU9F3raWz31ALXQ=
github.com/issue9/is v1.0.0/go.mod h1:gD3qqH6utuY28lgGjK+aOPVu9mpb2t6UvZ7u5DCEaVk=
github.com/issue9/logs v1.0.0 h1:UHJ/3D3krhlpTIqOE7UCkP6AKPbkdF7zdfwM18AaPTU=
github.com/issue9/logs v1.0.0/go.mod h1:SklChUSYLlFY2a5v4bu0CM+kvJswuqR6QaWRH85DFNQ=
github.com/issue9/middleware v1.0.0 h1:yLYpv6cJ9hFvoG1zHTIXCdcVyGMicc3YC3iZCZy+C7U=
github.com/issue9/middleware v1.0.0/go.mod h1:gmx9k2nnC1O4yg9xK3liaanThZedNw37ci4UnCzm6vE=
github.com/issue9/mux v1.0.0 h1:CCxTJ+2zvJfonFjNmdVfY5Dj3VO2EY4sRRU3AjNcQ6M=
github.com/issue9/mux v1.0.0/go.mod h1:k5OWdf8CRYao4XRv9H1/LR+uUdEIlPGQz571rbOGHvI=
github.com/issue9/query v1.0.0 h1:XHAKlrPGRcgRBv8UKFtm89YHB13I1qVoaSugMp6fb88=
github.com/issue9/query v1.0.0/go.mod h1:eJqZy7Yz3BRLasGX9ofVw2W7/k9xONk587qIpKkCLSQ=
github.com/issue9/term v1.0.0 h1:Gz7VoKwJJEC3ljAmCk82YyEia8prkXxdrzvkLujYamE=
github.com/issue9/term v1.0.0/go.mod h1:NUstPS3ZNncPNM1mI5G6KZTd83SHmqjtciqKZTVFO1s=
github.com/issue9/utils v1.0.0 h1:2LuHIPRufdIXK7AJ3QP7Qzxd0cMNNPY1izgFxj+d2EE=
github.com/issue9/utils v1.0.0/go.mod h1:M/m1msOXz9GHESoAvzxpBe4jar/QGDKcGXDhKsZJAKE=
github.com/issue9/version v1.0.0 h1:ivT2QTtm5lrGFfwRP3HsXOc1h1Z1gYpa2DmxfSyhVw4=
github.com/issue9/version v1.0.0/go.mod h1:sflOElCey8Fhh4JFH2qcZR8+cSgHkh943zMofKP3wZ8=
github.com/issue9/web v0.16.0 h1:Fy1vDNCKLhsyWNqKVWF8b7eL1rStVJoGZ5Bclq65c2c=
github.com/issue9/web v0.16.0/go.mod h1:y8Aqa2zZ6ZxfdpS7BHaHg7MpR8boYJrOp15j68maZQQ=
gopkg.in/check.v1 v0.0.0-20161208181325-20d25e280405 h1:yhCVgyC4o1eVCa2tZl7eS0r+SDo693bJlVdllGtEeKM=
gopkg.in/check.v1 v0.0.0-20161208181325-20d25e280405/go.mod h1:Co6ibVJAznAaIkqp8huTwlJQCZ016jof/cbN4VW5Yz0=
gopkg.in/fsnotify.v1 v1.4.7 h1:xOHLXZwVvI9hhs+cLKq5+I5onOuwQLhQwiu63xxlHs4=
gopkg.in/fsnotify.v1 v1.4.7/go.mod h1:Tz8NjZHkW78fSQdbUxIjBTcgA1z1m8ZHf0WmKUhAMys=
gopkg.in/yaml.v2 v2.2.1 h1:mUhvW9EsL+naU5Q3cakzfE91YhliOondGd6ZrsDBHQE=
gopkg.in/yaml.v2 v2.2.1/go.mod h1:hI93XBmqTisBFMUTm0b8Fm+jr3Dg1NNxqwp+5A1VGuI=
